// !$*UTF8*$!
{
	archiveVersion = 1;
	classes = {
	};
	objectVersion = 56;
	objects = {

/* Begin PBXBuildFile section */
		AC3BE39E2B59A60E0085A4A1 /* SearchView.swift in Sources */ = {isa = PBXBuildFile; fileRef = AC3BE39D2B59A60E0085A4A1 /* SearchView.swift */; };
		AC9DF83E2B5931D3000BAFB5 /* TimeXcelleratorApp.swift in Sources */ = {isa = PBXBuildFile; fileRef = AC9DF83D2B5931D3000BAFB5 /* TimeXcelleratorApp.swift */; };
		AC9DF8402B5931D3000BAFB5 /* TabsView.swift in Sources */ = {isa = PBXBuildFile; fileRef = AC9DF83F2B5931D3000BAFB5 /* TabsView.swift */; };
		AC9DF8422B5931D5000BAFB5 /* Assets.xcassets in Resources */ = {isa = PBXBuildFile; fileRef = AC9DF8412B5931D5000BAFB5 /* Assets.xcassets */; };
		AC9DF8452B5931D5000BAFB5 /* Preview Assets.xcassets in Resources */ = {isa = PBXBuildFile; fileRef = AC9DF8442B5931D5000BAFB5 /* Preview Assets.xcassets */; };
		AC9DF8532B593578000BAFB5 /* HomeView.swift in Sources */ = {isa = PBXBuildFile; fileRef = AC9DF8522B593578000BAFB5 /* HomeView.swift */; };
		AC9DF8552B59358D000BAFB5 /* CalendarView.swift in Sources */ = {isa = PBXBuildFile; fileRef = AC9DF8542B59358D000BAFB5 /* CalendarView.swift */; };
		AC9DF8572B59359E000BAFB5 /* AlertsView.swift in Sources */ = {isa = PBXBuildFile; fileRef = AC9DF8562B59359E000BAFB5 /* AlertsView.swift */; };
		AC9DF8592B5935B9000BAFB5 /* SettingsView.swift in Sources */ = {isa = PBXBuildFile; fileRef = AC9DF8582B5935B9000BAFB5 /* SettingsView.swift */; };
		AC9DF85C2B5947ED000BAFB5 /* SettingsConstants.swift in Sources */ = {isa = PBXBuildFile; fileRef = AC9DF85B2B5947ED000BAFB5 /* SettingsConstants.swift */; };
		AC9DF85F2B5948C0000BAFB5 /* SettingsButtonView.swift in Sources */ = {isa = PBXBuildFile; fileRef = AC9DF85E2B5948C0000BAFB5 /* SettingsButtonView.swift */; };
		AC9DF8672B5949D4000BAFB5 /* Images.swift in Sources */ = {isa = PBXBuildFile; fileRef = AC9DF8662B5949D4000BAFB5 /* Images.swift */; };
		AC9DF8692B594B1A000BAFB5 /* SettingsLinkView.swift in Sources */ = {isa = PBXBuildFile; fileRef = AC9DF8682B594B1A000BAFB5 /* SettingsLinkView.swift */; };
		AC9DF86C2B594B64000BAFB5 /* String.swift in Sources */ = {isa = PBXBuildFile; fileRef = AC9DF86B2B594B64000BAFB5 /* String.swift */; };
		AC9DF86E2B594E3A000BAFB5 /* Localizable.strings in Resources */ = {isa = PBXBuildFile; fileRef = AC9DF86D2B594E3A000BAFB5 /* Localizable.strings */; };
/* End PBXBuildFile section */

/* Begin PBXFileReference section */
		AC3BE39D2B59A60E0085A4A1 /* SearchView.swift */ = {isa = PBXFileReference; lastKnownFileType = sourcecode.swift; path = SearchView.swift; sourceTree = "<group>"; };
		AC9DF83A2B5931D3000BAFB5 /* TimeXcellerator.app */ = {isa = PBXFileReference; explicitFileType = wrapper.application; includeInIndex = 0; path = TimeXcellerator.app; sourceTree = BUILT_PRODUCTS_DIR; };
		AC9DF83D2B5931D3000BAFB5 /* TimeXcelleratorApp.swift */ = {isa = PBXFileReference; lastKnownFileType = sourcecode.swift; path = TimeXcelleratorApp.swift; sourceTree = "<group>"; };
		AC9DF83F2B5931D3000BAFB5 /* TabsView.swift */ = {isa = PBXFileReference; lastKnownFileType = sourcecode.swift; path = TabsView.swift; sourceTree = "<group>"; };
		AC9DF8412B5931D5000BAFB5 /* Assets.xcassets */ = {isa = PBXFileReference; lastKnownFileType = folder.assetcatalog; path = Assets.xcassets; sourceTree = "<group>"; };
		AC9DF8442B5931D5000BAFB5 /* Preview Assets.xcassets */ = {isa = PBXFileReference; lastKnownFileType = folder.assetcatalog; path = "Preview Assets.xcassets"; sourceTree = "<group>"; };
		AC9DF8522B593578000BAFB5 /* HomeView.swift */ = {isa = PBXFileReference; lastKnownFileType = sourcecode.swift; path = HomeView.swift; sourceTree = "<group>"; };
		AC9DF8542B59358D000BAFB5 /* CalendarView.swift */ = {isa = PBXFileReference; lastKnownFileType = sourcecode.swift; path = CalendarView.swift; sourceTree = "<group>"; };
		AC9DF8562B59359E000BAFB5 /* AlertsView.swift */ = {isa = PBXFileReference; lastKnownFileType = sourcecode.swift; path = AlertsView.swift; sourceTree = "<group>"; };
		AC9DF8582B5935B9000BAFB5 /* SettingsView.swift */ = {isa = PBXFileReference; lastKnownFileType = sourcecode.swift; path = SettingsView.swift; sourceTree = "<group>"; };
		AC9DF85B2B5947ED000BAFB5 /* SettingsConstants.swift */ = {isa = PBXFileReference; lastKnownFileType = sourcecode.swift; path = SettingsConstants.swift; sourceTree = "<group>"; };
		AC9DF85E2B5948C0000BAFB5 /* SettingsButtonView.swift */ = {isa = PBXFileReference; lastKnownFileType = sourcecode.swift; path = SettingsButtonView.swift; sourceTree = "<group>"; };
		AC9DF8662B5949D4000BAFB5 /* Images.swift */ = {isa = PBXFileReference; lastKnownFileType = sourcecode.swift; path = Images.swift; sourceTree = "<group>"; };
		AC9DF8682B594B1A000BAFB5 /* SettingsLinkView.swift */ = {isa = PBXFileReference; lastKnownFileType = sourcecode.swift; path = SettingsLinkView.swift; sourceTree = "<group>"; };
		AC9DF86B2B594B64000BAFB5 /* String.swift */ = {isa = PBXFileReference; lastKnownFileType = sourcecode.swift; path = String.swift; sourceTree = "<group>"; };
		AC9DF86D2B594E3A000BAFB5 /* Localizable.strings */ = {isa = PBXFileReference; lastKnownFileType = text.plist.strings; path = Localizable.strings; sourceTree = "<group>"; };
/* End PBXFileReference section */

/* Begin PBXFrameworksBuildPhase section */
		AC9DF8372B5931D3000BAFB5 /* Frameworks */ = {
			isa = PBXFrameworksBuildPhase;
			buildActionMask = 2147483647;
			files = (
			);
			runOnlyForDeploymentPostprocessing = 0;
		};
/* End PBXFrameworksBuildPhase section */

/* Begin PBXGroup section */
		AC3BE39C2B59A5FD0085A4A1 /* Search */ = {
			isa = PBXGroup;
			children = (
				AC3BE39D2B59A60E0085A4A1 /* SearchView.swift */,
			);
			path = Search;
			sourceTree = "<group>";
		};
		AC9DF8312B5931D3000BAFB5 = {
			isa = PBXGroup;
			children = (
				AC9DF83C2B5931D3000BAFB5 /* TimeXcellerator */,
				AC9DF83B2B5931D3000BAFB5 /* Products */,
			);
			sourceTree = "<group>";
		};
		AC9DF83B2B5931D3000BAFB5 /* Products */ = {
			isa = PBXGroup;
			children = (
				AC9DF83A2B5931D3000BAFB5 /* TimeXcellerator.app */,
			);
			name = Products;
			sourceTree = "<group>";
		};
		AC9DF83C2B5931D3000BAFB5 /* TimeXcellerator */ = {
			isa = PBXGroup;
			children = (
				AC9DF84B2B59338F000BAFB5 /* Application */,
				AC9DF84C2B5933A7000BAFB5 /* Resources */,
				AC9DF8642B5949B4000BAFB5 /* Utils */,
			);
			path = TimeXcellerator;
			sourceTree = "<group>";
		};
		AC9DF8432B5931D5000BAFB5 /* Preview Content */ = {
			isa = PBXGroup;
			children = (
				AC9DF8442B5931D5000BAFB5 /* Preview Assets.xcassets */,
			);
			path = "Preview Content";
			sourceTree = "<group>";
		};
		AC9DF84B2B59338F000BAFB5 /* Application */ = {
			isa = PBXGroup;
			children = (
				AC9DF83D2B5931D3000BAFB5 /* TimeXcelleratorApp.swift */,
				AC9DF83F2B5931D3000BAFB5 /* TabsView.swift */,
				AC9DF84D2B593532000BAFB5 /* Features */,
			);
			path = Application;
			sourceTree = "<group>";
		};
		AC9DF84C2B5933A7000BAFB5 /* Resources */ = {
			isa = PBXGroup;
			children = (
				AC9DF8412B5931D5000BAFB5 /* Assets.xcassets */,
				AC9DF8432B5931D5000BAFB5 /* Preview Content */,
				AC9DF86D2B594E3A000BAFB5 /* Localizable.strings */,
			);
			path = Resources;
			sourceTree = "<group>";
		};
		AC9DF84D2B593532000BAFB5 /* Features */ = {
			isa = PBXGroup;
			children = (
				AC9DF84E2B593557000BAFB5 /* Home */,
				AC9DF84F2B59355C000BAFB5 /* Calendar */,
				AC9DF8502B593562000BAFB5 /* Alerts */,
				AC3BE39C2B59A5FD0085A4A1 /* Search */,
				AC9DF8512B593567000BAFB5 /* Settings */,
			);
			path = Features;
			sourceTree = "<group>";
		};
		AC9DF84E2B593557000BAFB5 /* Home */ = {
			isa = PBXGroup;
			children = (
				AC9DF8522B593578000BAFB5 /* HomeView.swift */,
			);
			path = Home;
			sourceTree = "<group>";
		};
		AC9DF84F2B59355C000BAFB5 /* Calendar */ = {
			isa = PBXGroup;
			children = (
				AC9DF8542B59358D000BAFB5 /* CalendarView.swift */,
			);
			path = Calendar;
			sourceTree = "<group>";
		};
		AC9DF8502B593562000BAFB5 /* Alerts */ = {
			isa = PBXGroup;
			children = (
				AC9DF8562B59359E000BAFB5 /* AlertsView.swift */,
			);
			path = Alerts;
			sourceTree = "<group>";
		};
		AC9DF8512B593567000BAFB5 /* Settings */ = {
			isa = PBXGroup;
			children = (
				AC9DF8582B5935B9000BAFB5 /* SettingsView.swift */,
				AC9DF85D2B5948AE000BAFB5 /* View */,
				AC9DF85A2B5947DC000BAFB5 /* Helpers */,
			);
			path = Settings;
			sourceTree = "<group>";
		};
		AC9DF85A2B5947DC000BAFB5 /* Helpers */ = {
			isa = PBXGroup;
			children = (
				AC9DF85B2B5947ED000BAFB5 /* SettingsConstants.swift */,
			);
			path = Helpers;
			sourceTree = "<group>";
		};
		AC9DF85D2B5948AE000BAFB5 /* View */ = {
			isa = PBXGroup;
			children = (
				AC9DF85E2B5948C0000BAFB5 /* SettingsButtonView.swift */,
				AC9DF8682B594B1A000BAFB5 /* SettingsLinkView.swift */,
			);
			path = View;
			sourceTree = "<group>";
		};
		AC9DF8642B5949B4000BAFB5 /* Utils */ = {
			isa = PBXGroup;
			children = (
				AC9DF86A2B594B57000BAFB5 /* Extension */,
				AC9DF8652B5949C9000BAFB5 /* Images */,
			);
			path = Utils;
			sourceTree = "<group>";
		};
		AC9DF8652B5949C9000BAFB5 /* Images */ = {
			isa = PBXGroup;
			children = (
				AC9DF8662B5949D4000BAFB5 /* Images.swift */,
			);
			path = Images;
			sourceTree = "<group>";
		};
		AC9DF86A2B594B57000BAFB5 /* Extension */ = {
			isa = PBXGroup;
			children = (
				AC9DF86B2B594B64000BAFB5 /* String.swift */,
			);
			path = Extension;
			sourceTree = "<group>";
		};
/* End PBXGroup section */

/* Begin PBXNativeTarget section */
		AC9DF8392B5931D3000BAFB5 /* TimeXcellerator */ = {
			isa = PBXNativeTarget;
			buildConfigurationList = AC9DF8482B5931D5000BAFB5 /* Build configuration list for PBXNativeTarget "TimeXcellerator" */;
			buildPhases = (
				AC9DF8362B5931D3000BAFB5 /* Sources */,
				AC9DF8372B5931D3000BAFB5 /* Frameworks */,
				AC9DF8382B5931D3000BAFB5 /* Resources */,
			);
			buildRules = (
			);
			dependencies = (
			);
			name = TimeXcellerator;
			productName = TimeXcellerator;
			productReference = AC9DF83A2B5931D3000BAFB5 /* TimeXcellerator.app */;
			productType = "com.apple.product-type.application";
		};
/* End PBXNativeTarget section */

/* Begin PBXProject section */
		AC9DF8322B5931D3000BAFB5 /* Project object */ = {
			isa = PBXProject;
			attributes = {
				BuildIndependentTargetsInParallel = 1;
				LastSwiftUpdateCheck = 1520;
				LastUpgradeCheck = 1520;
				TargetAttributes = {
					AC9DF8392B5931D3000BAFB5 = {
						CreatedOnToolsVersion = 15.2;
					};
				};
			};
			buildConfigurationList = AC9DF8352B5931D3000BAFB5 /* Build configuration list for PBXProject "TimeXcellerator" */;
			compatibilityVersion = "Xcode 14.0";
			developmentRegion = en;
			hasScannedForEncodings = 0;
			knownRegions = (
				en,
				Base,
			);
			mainGroup = AC9DF8312B5931D3000BAFB5;
			productRefGroup = AC9DF83B2B5931D3000BAFB5 /* Products */;
			projectDirPath = "";
			projectRoot = "";
			targets = (
				AC9DF8392B5931D3000BAFB5 /* TimeXcellerator */,
			);
		};
/* End PBXProject section */

/* Begin PBXResourcesBuildPhase section */
		AC9DF8382B5931D3000BAFB5 /* Resources */ = {
			isa = PBXResourcesBuildPhase;
			buildActionMask = 2147483647;
			files = (
				AC9DF8452B5931D5000BAFB5 /* Preview Assets.xcassets in Resources */,
				AC9DF86E2B594E3A000BAFB5 /* Localizable.strings in Resources */,
				AC9DF8422B5931D5000BAFB5 /* Assets.xcassets in Resources */,
			);
			runOnlyForDeploymentPostprocessing = 0;
		};
/* End PBXResourcesBuildPhase section */

/* Begin PBXSourcesBuildPhase section */
		AC9DF8362B5931D3000BAFB5 /* Sources */ = {
			isa = PBXSourcesBuildPhase;
			buildActionMask = 2147483647;
			files = (
				AC9DF8532B593578000BAFB5 /* HomeView.swift in Sources */,
				AC9DF86C2B594B64000BAFB5 /* String.swift in Sources */,
				AC9DF85C2B5947ED000BAFB5 /* SettingsConstants.swift in Sources */,
				AC9DF8572B59359E000BAFB5 /* AlertsView.swift in Sources */,
				AC3BE39E2B59A60E0085A4A1 /* SearchView.swift in Sources */,
				AC9DF85F2B5948C0000BAFB5 /* SettingsButtonView.swift in Sources */,
				AC9DF8672B5949D4000BAFB5 /* Images.swift in Sources */,
				AC9DF8402B5931D3000BAFB5 /* TabsView.swift in Sources */,
				AC9DF8592B5935B9000BAFB5 /* SettingsView.swift in Sources */,
				AC9DF8692B594B1A000BAFB5 /* SettingsLinkView.swift in Sources */,
				AC9DF8552B59358D000BAFB5 /* CalendarView.swift in Sources */,
				AC9DF83E2B5931D3000BAFB5 /* TimeXcelleratorApp.swift in Sources */,
			);
			runOnlyForDeploymentPostprocessing = 0;
		};
/* End PBXSourcesBuildPhase section */

/* Begin XCBuildConfiguration section */
		AC9DF8462B5931D5000BAFB5 /* Debug */ = {
			isa = XCBuildConfiguration;
			buildSettings = {
				ALWAYS_SEARCH_USER_PATHS = NO;
				ASSETCATALOG_COMPILER_GENERATE_SWIFT_ASSET_SYMBOL_EXTENSIONS = YES;
				CLANG_ANALYZER_NONNULL = YES;
				CLANG_ANALYZER_NUMBER_OBJECT_CONVERSION = YES_AGGRESSIVE;
				CLANG_CXX_LANGUAGE_STANDARD = "gnu++20";
				CLANG_ENABLE_MODULES = YES;
				CLANG_ENABLE_OBJC_ARC = YES;
				CLANG_ENABLE_OBJC_WEAK = YES;
				CLANG_WARN_BLOCK_CAPTURE_AUTORELEASING = YES;
				CLANG_WARN_BOOL_CONVERSION = YES;
				CLANG_WARN_COMMA = YES;
				CLANG_WARN_CONSTANT_CONVERSION = YES;
				CLANG_WARN_DEPRECATED_OBJC_IMPLEMENTATIONS = YES;
				CLANG_WARN_DIRECT_OBJC_ISA_USAGE = YES_ERROR;
				CLANG_WARN_DOCUMENTATION_COMMENTS = YES;
				CLANG_WARN_EMPTY_BODY = YES;
				CLANG_WARN_ENUM_CONVERSION = YES;
				CLANG_WARN_INFINITE_RECURSION = YES;
				CLANG_WARN_INT_CONVERSION = YES;
				CLANG_WARN_NON_LITERAL_NULL_CONVERSION = YES;
				CLANG_WARN_OBJC_IMPLICIT_RETAIN_SELF = YES;
				CLANG_WARN_OBJC_LITERAL_CONVERSION = YES;
				CLANG_WARN_OBJC_ROOT_CLASS = YES_ERROR;
				CLANG_WARN_QUOTED_INCLUDE_IN_FRAMEWORK_HEADER = YES;
				CLANG_WARN_RANGE_LOOP_ANALYSIS = YES;
				CLANG_WARN_STRICT_PROTOTYPES = YES;
				CLANG_WARN_SUSPICIOUS_MOVE = YES;
				CLANG_WARN_UNGUARDED_AVAILABILITY = YES_AGGRESSIVE;
				CLANG_WARN_UNREACHABLE_CODE = YES;
				CLANG_WARN__DUPLICATE_METHOD_MATCH = YES;
				COPY_PHASE_STRIP = NO;
				DEBUG_INFORMATION_FORMAT = dwarf;
				ENABLE_STRICT_OBJC_MSGSEND = YES;
				ENABLE_TESTABILITY = YES;
				ENABLE_USER_SCRIPT_SANDBOXING = YES;
				GCC_C_LANGUAGE_STANDARD = gnu17;
				GCC_DYNAMIC_NO_PIC = NO;
				GCC_NO_COMMON_BLOCKS = YES;
				GCC_OPTIMIZATION_LEVEL = 0;
				GCC_PREPROCESSOR_DEFINITIONS = (
					"DEBUG=1",
					"$(inherited)",
				);
				GCC_WARN_64_TO_32_BIT_CONVERSION = YES;
				GCC_WARN_ABOUT_RETURN_TYPE = YES_ERROR;
				GCC_WARN_UNDECLARED_SELECTOR = YES;
				GCC_WARN_UNINITIALIZED_AUTOS = YES_AGGRESSIVE;
				GCC_WARN_UNUSED_FUNCTION = YES;
				GCC_WARN_UNUSED_VARIABLE = YES;
				IPHONEOS_DEPLOYMENT_TARGET = 17.0;
				LOCALIZATION_PREFERS_STRING_CATALOGS = YES;
				MTL_ENABLE_DEBUG_INFO = INCLUDE_SOURCE;
				MTL_FAST_MATH = YES;
				ONLY_ACTIVE_ARCH = YES;
				SDKROOT = iphoneos;
				SWIFT_ACTIVE_COMPILATION_CONDITIONS = "DEBUG $(inherited)";
				SWIFT_OPTIMIZATION_LEVEL = "-Onone";
			};
			name = Debug;
		};
		AC9DF8472B5931D5000BAFB5 /* Release */ = {
			isa = XCBuildConfiguration;
			buildSettings = {
				ALWAYS_SEARCH_USER_PATHS = NO;
				ASSETCATALOG_COMPILER_GENERATE_SWIFT_ASSET_SYMBOL_EXTENSIONS = YES;
				CLANG_ANALYZER_NONNULL = YES;
				CLANG_ANALYZER_NUMBER_OBJECT_CONVERSION = YES_AGGRESSIVE;
				CLANG_CXX_LANGUAGE_STANDARD = "gnu++20";
				CLANG_ENABLE_MODULES = YES;
				CLANG_ENABLE_OBJC_ARC = YES;
				CLANG_ENABLE_OBJC_WEAK = YES;
				CLANG_WARN_BLOCK_CAPTURE_AUTORELEASING = YES;
				CLANG_WARN_BOOL_CONVERSION = YES;
				CLANG_WARN_COMMA = YES;
				CLANG_WARN_CONSTANT_CONVERSION = YES;
				CLANG_WARN_DEPRECATED_OBJC_IMPLEMENTATIONS = YES;
				CLANG_WARN_DIRECT_OBJC_ISA_USAGE = YES_ERROR;
				CLANG_WARN_DOCUMENTATION_COMMENTS = YES;
				CLANG_WARN_EMPTY_BODY = YES;
				CLANG_WARN_ENUM_CONVERSION = YES;
				CLANG_WARN_INFINITE_RECURSION = YES;
				CLANG_WARN_INT_CONVERSION = YES;
				CLANG_WARN_NON_LITERAL_NULL_CONVERSION = YES;
				CLANG_WARN_OBJC_IMPLICIT_RETAIN_SELF = YES;
				CLANG_WARN_OBJC_LITERAL_CONVERSION = YES;
				CLANG_WARN_OBJC_ROOT_CLASS = YES_ERROR;
				CLANG_WARN_QUOTED_INCLUDE_IN_FRAMEWORK_HEADER = YES;
				CLANG_WARN_RANGE_LOOP_ANALYSIS = YES;
				CLANG_WARN_STRICT_PROTOTYPES = YES;
				CLANG_WARN_SUSPICIOUS_MOVE = YES;
				CLANG_WARN_UNGUARDED_AVAILABILITY = YES_AGGRESSIVE;
				CLANG_WARN_UNREACHABLE_CODE = YES;
				CLANG_WARN__DUPLICATE_METHOD_MATCH = YES;
				COPY_PHASE_STRIP = NO;
				DEBUG_INFORMATION_FORMAT = "dwarf-with-dsym";
				ENABLE_NS_ASSERTIONS = NO;
				ENABLE_STRICT_OBJC_MSGSEND = YES;
				ENABLE_USER_SCRIPT_SANDBOXING = YES;
				GCC_C_LANGUAGE_STANDARD = gnu17;
				GCC_NO_COMMON_BLOCKS = YES;
				GCC_WARN_64_TO_32_BIT_CONVERSION = YES;
				GCC_WARN_ABOUT_RETURN_TYPE = YES_ERROR;
				GCC_WARN_UNDECLARED_SELECTOR = YES;
				GCC_WARN_UNINITIALIZED_AUTOS = YES_AGGRESSIVE;
				GCC_WARN_UNUSED_FUNCTION = YES;
				GCC_WARN_UNUSED_VARIABLE = YES;
				IPHONEOS_DEPLOYMENT_TARGET = 17.0;
				LOCALIZATION_PREFERS_STRING_CATALOGS = YES;
				MTL_ENABLE_DEBUG_INFO = NO;
				MTL_FAST_MATH = YES;
				SDKROOT = iphoneos;
				SWIFT_COMPILATION_MODE = wholemodule;
				VALIDATE_PRODUCT = YES;
			};
			name = Release;
		};
		AC9DF8492B5931D5000BAFB5 /* Debug */ = {
			isa = XCBuildConfiguration;
			buildSettings = {
				ASSETCATALOG_COMPILER_APPICON_NAME = AppIcon;
				ASSETCATALOG_COMPILER_GLOBAL_ACCENT_COLOR_NAME = AccentColor;
				CODE_SIGN_STYLE = Automatic;
				CURRENT_PROJECT_VERSION = 1;
				DEVELOPMENT_ASSET_PATHS = "\"TimeXcellerator/Resources/Preview Content\"";
				DEVELOPMENT_TEAM = 63XWRVA4JU;
				ENABLE_PREVIEWS = YES;
				GENERATE_INFOPLIST_FILE = YES;
				INFOPLIST_KEY_UIApplicationSceneManifest_Generation = YES;
				INFOPLIST_KEY_UIApplicationSupportsIndirectInputEvents = YES;
				INFOPLIST_KEY_UILaunchScreen_Generation = YES;
				INFOPLIST_KEY_UISupportedInterfaceOrientations_iPad = "UIInterfaceOrientationPortrait UIInterfaceOrientationPortraitUpsideDown UIInterfaceOrientationLandscapeLeft UIInterfaceOrientationLandscapeRight";
				INFOPLIST_KEY_UISupportedInterfaceOrientations_iPhone = "UIInterfaceOrientationPortrait UIInterfaceOrientationLandscapeLeft UIInterfaceOrientationLandscapeRight";
				IPHONEOS_DEPLOYMENT_TARGET = 17.0;
				LD_RUNPATH_SEARCH_PATHS = (
					"$(inherited)",
					"@executable_path/Frameworks",
				);
				MARKETING_VERSION = 1.0;
				PRODUCT_BUNDLE_IDENTIFIER = CIC.TimeXcellerator;
				PRODUCT_NAME = "$(TARGET_NAME)";
				SWIFT_EMIT_LOC_STRINGS = YES;
				SWIFT_STRICT_CONCURRENCY = complete;
				SWIFT_VERSION = 5.0;
				TARGETED_DEVICE_FAMILY = "1,2";
			};
			name = Debug;
		};
		AC9DF84A2B5931D5000BAFB5 /* Release */ = {
			isa = XCBuildConfiguration;
			buildSettings = {
				ASSETCATALOG_COMPILER_APPICON_NAME = AppIcon;
				ASSETCATALOG_COMPILER_GLOBAL_ACCENT_COLOR_NAME = AccentColor;
				CODE_SIGN_STYLE = Automatic;
				CURRENT_PROJECT_VERSION = 1;
				DEVELOPMENT_ASSET_PATHS = "\"TimeXcellerator/Resources/Preview Content\"";
				DEVELOPMENT_TEAM = 63XWRVA4JU;
				ENABLE_PREVIEWS = YES;
				GENERATE_INFOPLIST_FILE = YES;
				INFOPLIST_KEY_UIApplicationSceneManifest_Generation = YES;
				INFOPLIST_KEY_UIApplicationSupportsIndirectInputEvents = YES;
				INFOPLIST_KEY_UILaunchScreen_Generation = YES;
				INFOPLIST_KEY_UISupportedInterfaceOrientations_iPad = "UIInterfaceOrientationPortrait UIInterfaceOrientationPortraitUpsideDown UIInterfaceOrientationLandscapeLeft UIInterfaceOrientationLandscapeRight";
				INFOPLIST_KEY_UISupportedInterfaceOrientations_iPhone = "UIInterfaceOrientationPortrait UIInterfaceOrientationLandscapeLeft UIInterfaceOrientationLandscapeRight";
				IPHONEOS_DEPLOYMENT_TARGET = 17.0;
				LD_RUNPATH_SEARCH_PATHS = (
					"$(inherited)",
					"@executable_path/Frameworks",
				);
				MARKETING_VERSION = 1.0;
				PRODUCT_BUNDLE_IDENTIFIER = CIC.TimeXcellerator;
				PRODUCT_NAME = "$(TARGET_NAME)";
				SWIFT_EMIT_LOC_STRINGS = YES;
				SWIFT_STRICT_CONCURRENCY = complete;
				SWIFT_VERSION = 5.0;
				TARGETED_DEVICE_FAMILY = "1,2";
			};
			name = Release;
		};
/* End XCBuildConfiguration section */

/* Begin XCConfigurationList section */
		AC9DF8352B5931D3000BAFB5 /* Build configuration list for PBXProject "TimeXcellerator" */ = {
			isa = XCConfigurationList;
			buildConfigurations = (
				AC9DF8462B5931D5000BAFB5 /* Debug */,
				AC9DF8472B5931D5000BAFB5 /* Release */,
			);
			defaultConfigurationIsVisible = 0;
			defaultConfigurationName = Release;
		};
		AC9DF8482B5931D5000BAFB5 /* Build configuration list for PBXNativeTarget "TimeXcellerator" */ = {
			isa = XCConfigurationList;
			buildConfigurations = (
				AC9DF8492B5931D5000BAFB5 /* Debug */,
				AC9DF84A2B5931D5000BAFB5 /* Release */,
			);
			defaultConfigurationIsVisible = 0;
			defaultConfigurationName = Release;
		};
/* End XCConfigurationList section */
	};
	rootObject = AC9DF8322B5931D3000BAFB5 /* Project object */;
}
